<?xml version="1.0" encoding="utf-8"?>
<Project ToolsVersion="4.0" xmlns="http://schemas.microsoft.com/developer/msbuild/2003">
  <ItemGroup>
    <Filter Include="Projects">
      <UniqueIdentifier>{1df7fed8-5889-41be-9bee-1c64f9b902af}</UniqueIdentifier>
    </Filter>
    <Filter Include="Main">
      <UniqueIdentifier>{91d05874-1e0f-458d-9449-a07abb8abae4}</UniqueIdentifier>
    </Filter>
    <Filter Include="HighlyUsedLibraries">
      <UniqueIdentifier>{4fce7fdf-f347-423a-bd34-f5af53f7f9c7}</UniqueIdentifier>
    </Filter>
    <Filter Include="Projects\Sources">
      <UniqueIdentifier>{343db083-245a-4630-b722-2883333a11a8}</UniqueIdentifier>
    </Filter>
    <Filter Include="Projects\Headers">
      <UniqueIdentifier>{1b4520af-fc86-4a84-9a82-3d6882e27557}</UniqueIdentifier>
    </Filter>
    <Filter Include="HighlyUsedLibraries\Headers">
      <UniqueIdentifier>{539ff018-7cb9-4b2e-a3e1-f370c7bbf590}</UniqueIdentifier>
    </Filter>
    <Filter Include="Projects\ProjectsCollectionHeader">
      <UniqueIdentifier>{4bb48373-2eee-4b70-8ad8-18f55630fb1b}</UniqueIdentifier>
    </Filter>
  </ItemGroup>
  <ItemGroup>
    <ClInclude Include="Projects\Headers\ClientsProcess.h">
      <Filter>Projects\Headers</Filter>
    </ClInclude>
    <ClInclude Include="Projects\Headers\ATMDataTypes.h">
      <Filter>Projects\Headers</Filter>
    </ClInclude>
    <ClInclude Include="Projects\Headers\ATMMenues.h">
      <Filter>Projects\Headers</Filter>
    </ClInclude>
    <ClInclude Include="Projects\Headers\ATMServices.h">
      <Filter>Projects\Headers</Filter>
    </ClInclude>
    <ClInclude Include="Projects\Headers\UsersProcess.h">
      <Filter>Projects\Headers</Filter>
    </ClInclude>
    <ClInclude Include="Projects\Headers\BankServices.h">
      <Filter>Projects\Headers</Filter>
    </ClInclude>
    <ClInclude Include="Projects\Headers\BankMenues.h">
      <Filter>Projects\Headers</Filter>
    </ClInclude>
    <ClInclude Include="Projects\Headers\BankDataTypes.h">
      <Filter>Projects\Headers</Filter>
    </ClInclude>
    <ClInclude Include="Projects\ProjectsCollectionHeader\ProjectsCollectionHeader.h">
      <Filter>Projects\ProjectsCollectionHeader</Filter>
    </ClInclude>
    <ClInclude Include="HighlyUsedLibraries\Headers\CheckNumbersInRange.h">
      <Filter>HighlyUsedLibraries\Headers</Filter>
    </ClInclude>
    <ClInclude Include="HighlyUsedLibraries\Headers\MyCharProcess.h">
      <Filter>HighlyUsedLibraries\Headers</Filter>
    </ClInclude>
    <ClInclude Include="HighlyUsedLibraries\Headers\MyInput.h">
      <Filter>HighlyUsedLibraries\Headers</Filter>
    </ClInclude>
    <ClInclude Include="HighlyUsedLibraries\Headers\MyOutput.h">
      <Filter>HighlyUsedLibraries\Headers</Filter>
    </ClInclude>
    <ClInclude Include="HighlyUsedLibraries\Headers\MyStringProcess.h">
      <Filter>HighlyUsedLibraries\Headers</Filter>
    </ClInclude>
  </ItemGroup>
  <ItemGroup>
    <ClCompile Include="Projects\Sources\_1_StonePaperScissorsGame.cpp">
      <Filter>Projects\Sources</Filter>
    </ClCompile>
    <ClCompile Include="Projects\Sources\_2_MathGame.cpp">
      <Filter>Projects\Sources</Filter>
    </ClCompile>
    <ClCompile Include="Projects\Sources\_3_BankProject.cpp">
      <Filter>Projects\Sources</Filter>
    </ClCompile>
    <ClCompile Include="Projects\Sources\_4_ATMproject.cpp">
      <Filter>Projects\Sources</Filter>
    </ClCompile>
    <ClCompile Include="Main\Main.cpp">
      <Filter>Main</Filter>
    </ClCompile>
  </ItemGroup>
</Project>